<?xml version="1.0" encoding="utf-8"?>
<Project ToolsVersion="4.0" xmlns="http://schemas.microsoft.com/developer/msbuild/2003">
  <ItemGroup>
    <Filter Include="리소스 파일">
      <UniqueIdentifier>{67DA6AB6-F800-4c08-8B7A-83BB121AAD01}</UniqueIdentifier>
      <Extensions>rc;ico;cur;bmp;dlg;rc2;rct;bin;rgs;gif;jpg;jpeg;jpe;resx;tiff;tif;png;wav;mfcribbon-ms</Extensions>
    </Filter>
    <Filter Include="Header Files">
      <UniqueIdentifier>{93995380-89BD-4b04-88EB-625FBE52EBFB}</UniqueIdentifier>
      <Extensions>h;hh;hpp;hxx;h++;hm;inl;inc;ipp;xsd</Extensions>
    </Filter>
    <Filter Include="Source Files">
      <UniqueIdentifier>{4FC737F1-C7A5-4376-A066-2A32D752A2FF}</UniqueIdentifier>
      <Extensions>cpp;c;cc;cxx;c++;cppm;ixx;def;odl;idl;hpj;bat;asm;asmx</Extensions>
    </Filter>
  </ItemGroup>
  <ItemGroup>
    <ClInclude Include="framework.h">
      <Filter>Header Files</Filter>
    </ClInclude>
    <ClInclude Include="pch.h">
      <Filter>Header Files</Filter>
    </ClInclude>
    <ClInclude Include="BlackBoard.h">
      <Filter>Header Files</Filter>
    </ClInclude>
    <ClInclude Include="BossBehaviorTree.h">
      <Filter>Header Files</Filter>
    </ClInclude>
    <ClInclude Include="BossBlackBoard.h">
      <Filter>Header Files</Filter>
    </ClInclude>
    <ClInclude Include="BossCoolDown.h">
      <Filter>Header Files</Filter>
    </ClInclude>
    <ClInclude Include="BTNode.h">
      <Filter>Header Files</Filter>
    </ClInclude>
    <ClInclude Include="CompositeNode.h">
      <Filter>Header Files</Filter>
    </ClInclude>
    <ClInclude Include="Decorator.h">
      <Filter>Header Files</Filter>
    </ClInclude>
    <ClInclude Include="Inverter.h">
      <Filter>Header Files</Filter>
    </ClInclude>
    <ClInclude Include="PhaseChecker_1.h">
      <Filter>Header Files</Filter>
    </ClInclude>
    <ClInclude Include="Repeater.h">
      <Filter>Header Files</Filter>
    </ClInclude>
    <ClInclude Include="Selector.h">
      <Filter>Header Files</Filter>
    </ClInclude>
    <ClInclude Include="Sequence.h">
      <Filter>Header Files</Filter>
    </ClInclude>
    <ClInclude Include="SkillCondition.h">
      <Filter>Header Files</Filter>
    </ClInclude>
    <ClInclude Include="SkillNode.h">
      <Filter>Header Files</Filter>
    </ClInclude>
    <ClInclude Include="TestNode.h">
      <Filter>Header Files</Filter>
    </ClInclude>
    <ClInclude Include="ArmSmash.h">
      <Filter>Header Files</Filter>
    </ClInclude>
    <ClInclude Include="ParallelNode.h">
      <Filter>Header Files</Filter>
    </ClInclude>
    <ClInclude Include="WaitNode.h">
      <Filter>Header Files</Filter>
    </ClInclude>
    <ClInclude Include="Pick.h">
      <Filter>Header Files</Filter>
    </ClInclude>
    <ClInclude Include="Lazer.h">
      <Filter>Header Files</Filter>
    </ClInclude>
    <ClInclude Include="ArmSwip.h">
      <Filter>Header Files</Filter>
    </ClInclude>
    <ClInclude Include="PhaseChecker_3.h">
      <Filter>Header Files</Filter>
    </ClInclude>
    <ClInclude Include="ArmStretch.h">
      <Filter>Header Files</Filter>
    </ClInclude>
    <ClInclude Include="PhaseChecker_2.h">
      <Filter>Header Files</Filter>
    </ClInclude>
    <ClInclude Include="AnimationUtils.h">
      <Filter>Header Files</Filter>
    </ClInclude>
    <ClInclude Include="HitNode.h">
      <Filter>Header Files</Filter>
    </ClInclude>
  </ItemGroup>
  <ItemGroup>
    <ClCompile Include="pch.cpp">
      <Filter>Source Files</Filter>
    </ClCompile>
    <ClCompile Include="BlackBoard.cpp">
      <Filter>Source Files</Filter>
    </ClCompile>
    <ClCompile Include="BossBehaviorTree.cpp">
      <Filter>Source Files</Filter>
    </ClCompile>
    <ClCompile Include="BossBlackBoard.cpp">
      <Filter>Source Files</Filter>
    </ClCompile>
    <ClCompile Include="BossCoolDown.cpp">
      <Filter>Source Files</Filter>
    </ClCompile>
    <ClCompile Include="BTNode.cpp">
      <Filter>Source Files</Filter>
    </ClCompile>
    <ClCompile Include="CompositeNode.cpp">
      <Filter>Source Files</Filter>
    </ClCompile>
    <ClCompile Include="Decorator.cpp">
      <Filter>Source Files</Filter>
    </ClCompile>
    <ClCompile Include="Inverter.cpp">
      <Filter>Source Files</Filter>
    </ClCompile>
    <ClCompile Include="PhaseChecker_1.cpp">
      <Filter>Source Files</Filter>
    </ClCompile>
    <ClCompile Include="Repeater.cpp">
      <Filter>Source Files</Filter>
    </ClCompile>
    <ClCompile Include="Selector.cpp">
      <Filter>Source Files</Filter>
    </ClCompile>
    <ClCompile Include="Sequence.cpp">
      <Filter>Source Files</Filter>
    </ClCompile>
    <ClCompile Include="SkillCondition.cpp">
      <Filter>Source Files</Filter>
    </ClCompile>
    <ClCompile Include="SkillNode.cpp">
      <Filter>Source Files</Filter>
    </ClCompile>
    <ClCompile Include="TestNode.cpp">
      <Filter>Source Files</Filter>
    </ClCompile>
    <ClCompile Include="ArmSmash.cpp">
      <Filter>Source Files</Filter>
    </ClCompile>
    <ClCompile Include="ParallelNode.cpp">
      <Filter>Source Files</Filter>
    </ClCompile>
    <ClCompile Include="Pick.cpp">
      <Filter>Source Files</Filter>
    </ClCompile>
    <ClCompile Include="Lazer.cpp">
      <Filter>Source Files</Filter>
    </ClCompile>
    <ClCompile Include="ArmSwip.cpp">
      <Filter>Source Files</Filter>
    </ClCompile>
    <ClCompile Include="PhaseChecker_3.cpp">
      <Filter>Source Files</Filter>
    </ClCompile>
    <ClCompile Include="ArmStretch.cpp">
      <Filter>Source Files</Filter>
    </ClCompile>
    <ClCompile Include="PhaseChecker_2.cpp">
      <Filter>Source Files</Filter>
    </ClCompile>
    <ClCompile Include="AnimationUtils.cpp">
      <Filter>Source Files</Filter>
    </ClCompile>
    <ClCompile Include="HitNode.cpp">
      <Filter>Source Files</Filter>
    </ClCompile>
  </ItemGroup>
</Project>