<?xml version="1.0" encoding="utf-8"?>
<Project ToolsVersion="4.0" xmlns="http://schemas.microsoft.com/developer/msbuild/2003">
  <ItemGroup>
    <ClCompile Include="AnimationController.cpp" />
    <ClCompile Include="Background.cpp" />
    <ClCompile Include="ButtonUI.cpp" />
    <ClCompile Include="CameraComponent.cpp" />
    <ClCompile Include="CameraObject.cpp" />
    <ClCompile Include="BoxColliderComponent.cpp" />
    <ClCompile Include="CircleColliderComponent.cpp" />
    <ClCompile Include="ColliderComponent.cpp" />
    <ClCompile Include="Component.cpp" />
    <ClCompile Include="DropObstacle.cpp" />
    <ClCompile Include="FlyingObstacleComponent.cpp" />
    <ClCompile Include="GameObject.cpp" />
    <ClCompile Include="AnimationComponent.cpp" />
    <ClCompile Include="ItemObject.cpp" />
    <ClCompile Include="Object.cpp" />
    <ClCompile Include="GraffitiComponent.cpp" />
    <ClCompile Include="GraffitiObject.cpp" />
    <ClCompile Include="Obstacle.cpp" />
    <ClCompile Include="PlayerObject.cpp" />
    <ClCompile Include="RectTransformComponent.cpp" />
    <ClCompile Include="RigidbodyComponent.cpp" />
    <ClCompile Include="RunPlayerController.cpp" />
    <ClCompile Include="SoundUI.cpp" />
    <ClCompile Include="SpriteRenderer.cpp" />
    <ClCompile Include="Telegraph.cpp" />
    <ClCompile Include="TransformComponent.cpp" />
    <ClCompile Include="UIButtonComponent.cpp" />
    <ClCompile Include="UIComponent.cpp" />
    <ClCompile Include="UIImageComponent.cpp" />
    <ClCompile Include="UIObject.cpp" />
    <ClCompile Include="UISliderComponent.cpp" />
    <ClCompile Include="UITextComponent.cpp" />
    <ClCompile Include="DroneComponent.cpp" />
  </ItemGroup>
  <ItemGroup>
    <ClInclude Include="AnimationComponent.h" />
    <ClInclude Include="AnimationController.h" />
    <ClInclude Include="Background.h" />
    <ClInclude Include="ButtonUI.h" />
    <ClInclude Include="CameraComponent.h" />
    <ClInclude Include="CameraObject.h" />
    <ClInclude Include="BoxColliderComponent.h" />
    <ClInclude Include="CircleColliderComponent.h" />
    <ClInclude Include="ColliderComponent.h" />
    <ClInclude Include="Component.h" />
    <ClInclude Include="CoreTypes.h" />
    <ClInclude Include="DropObstacle.h" />
    <ClInclude Include="FlyingObstacleComponent.h" />
    <ClInclude Include="GameObject.h" />
    <ClInclude Include="ItemObject.h" />
    <ClInclude Include="Object.h" />
    <ClInclude Include="GraffitiComponent.h" />
    <ClInclude Include="GraffitiObject.h" />
    <ClInclude Include="Obstacle.h" />
    <ClInclude Include="PlayerObject.h" />
    <ClInclude Include="RectTransformComponent.h" />
    <ClInclude Include="RigidbodyComponent.h" />
    <ClInclude Include="RunPlayerController.h" />
    <ClInclude Include="SoundUI.h" />
    <ClInclude Include="SpriteRenderer.h" />
    <ClInclude Include="Telegraph.h" />
    <ClInclude Include="TransformComponent.h" />
    <ClInclude Include="UIButtonComponent.h" />
    <ClInclude Include="UIComponent.h" />
    <ClInclude Include="UIImageComponent.h" />
    <ClInclude Include="UIObject.h" />
    <ClInclude Include="UISliderComponent.h" />
    <ClInclude Include="UITextComponent.h" />
    <ClInclude Include="DroneComponent.h" />
  </ItemGroup>
</Project>