
Microsoft Visual Studio Solution File, Format Version 12.00
# Visual Studio Version 17
VisualStudioVersion = 17.14.36301.6
MinimumVisualStudioVersion = 10.0.40219.1
Project("{8BC9CEB8-8B4A-11D0-8D11-00A0C91BC942}") = "GameFramework", "GameFramework\GameFramework.vcxproj", "{678AD1E7-3888-4A7B-8077-E77FD58BA622}"
EndProject
Project("{8BC9CEB8-8B4A-11D0-8D11-00A0C91BC942}") = "D2DCommon", "D2DCommon\D2DCommon.vcxproj", "{2A34C5AB-2844-40C0-8720-9745743E797B}"
EndProject
Project("{8BC9CEB8-8B4A-11D0-8D11-00A0C91BC942}") = "D2DRenderer", "D2DRenderer\D2DRenderer.vcxproj", "{9FF2B6A5-F095-40AB-9553-0FA7EE84593F}"
EndProject
Project("{8BC9CEB8-8B4A-11D0-8D11-00A0C91BC942}") = "ImGUIDX11", "ImGUIDX11\ImGUIDX11.vcxproj", "{DD6614B4-19C1-4673-9445-F0305A3E044C}"
EndProject
Project("{8BC9CEB8-8B4A-11D0-8D11-00A0C91BC942}") = "ResourceManager", "ResourceManager\ResourceManager.vcxproj", "{62EE5DF8-394E-480A-855F-B41F46953A16}"
EndProject
Project("{8BC9CEB8-8B4A-11D0-8D11-00A0C91BC942}") = "AI", "AI\AI.vcxproj", "{CAEF7820-A7A9-4733-B1B2-C39189190480}"
EndProject
Project("{8BC9CEB8-8B4A-11D0-8D11-00A0C91BC942}") = "Event", "Event\Event.vcxproj", "{F19D0681-A873-4297-BB00-E750294995E9}"
EndProject
Project("{8BC9CEB8-8B4A-11D0-8D11-00A0C91BC942}") = "GameObject", "GameObject\GameObject.vcxproj", "{27A8092D-9702-4AB5-9E74-0A204595AAD5}"
EndProject
Global
	GlobalSection(SolutionConfigurationPlatforms) = preSolution
		Debug|x64 = Debug|x64
		Debug|x86 = Debug|x86
		Release|x64 = Release|x64
		Release|x86 = Release|x86
	EndGlobalSection
	GlobalSection(ProjectConfigurationPlatforms) = postSolution
		{678AD1E7-3888-4A7B-8077-E77FD58BA622}.Debug|x64.ActiveCfg = Debug|x64
		{678AD1E7-3888-4A7B-8077-E77FD58BA622}.Debug|x64.Build.0 = Debug|x64
		{678AD1E7-3888-4A7B-8077-E77FD58BA622}.Debug|x86.ActiveCfg = Debug|Win32
		{678AD1E7-3888-4A7B-8077-E77FD58BA622}.Debug|x86.Build.0 = Debug|Win32
		{678AD1E7-3888-4A7B-8077-E77FD58BA622}.Release|x64.ActiveCfg = Release|x64
		{678AD1E7-3888-4A7B-8077-E77FD58BA622}.Release|x64.Build.0 = Release|x64
		{678AD1E7-3888-4A7B-8077-E77FD58BA622}.Release|x86.ActiveCfg = Release|Win32
		{678AD1E7-3888-4A7B-8077-E77FD58BA622}.Release|x86.Build.0 = Release|Win32
		{2A34C5AB-2844-40C0-8720-9745743E797B}.Debug|x64.ActiveCfg = Debug|x64
		{2A34C5AB-2844-40C0-8720-9745743E797B}.Debug|x64.Build.0 = Debug|x64
		{2A34C5AB-2844-40C0-8720-9745743E797B}.Debug|x86.ActiveCfg = Debug|Win32
		{2A34C5AB-2844-40C0-8720-9745743E797B}.Debug|x86.Build.0 = Debug|Win32
		{2A34C5AB-2844-40C0-8720-9745743E797B}.Release|x64.ActiveCfg = Release|x64
		{2A34C5AB-2844-40C0-8720-9745743E797B}.Release|x64.Build.0 = Release|x64
		{2A34C5AB-2844-40C0-8720-9745743E797B}.Release|x86.ActiveCfg = Release|Win32
		{2A34C5AB-2844-40C0-8720-9745743E797B}.Release|x86.Build.0 = Release|Win32
		{9FF2B6A5-F095-40AB-9553-0FA7EE84593F}.Debug|x64.ActiveCfg = Debug|x64
		{9FF2B6A5-F095-40AB-9553-0FA7EE84593F}.Debug|x64.Build.0 = Debug|x64
		{9FF2B6A5-F095-40AB-9553-0FA7EE84593F}.Debug|x86.ActiveCfg = Debug|Win32
		{9FF2B6A5-F095-40AB-9553-0FA7EE84593F}.Debug|x86.Build.0 = Debug|Win32
		{9FF2B6A5-F095-40AB-9553-0FA7EE84593F}.Release|x64.ActiveCfg = Release|x64
		{9FF2B6A5-F095-40AB-9553-0FA7EE84593F}.Release|x64.Build.0 = Release|x64
		{9FF2B6A5-F095-40AB-9553-0FA7EE84593F}.Release|x86.ActiveCfg = Release|Win32
		{9FF2B6A5-F095-40AB-9553-0FA7EE84593F}.Release|x86.Build.0 = Release|Win32
		{DD6614B4-19C1-4673-9445-F0305A3E044C}.Debug|x64.ActiveCfg = Debug|x64
		{DD6614B4-19C1-4673-9445-F0305A3E044C}.Debug|x64.Build.0 = Debug|x64
		{DD6614B4-19C1-4673-9445-F0305A3E044C}.Debug|x86.ActiveCfg = Debug|Win32
		{DD6614B4-19C1-4673-9445-F0305A3E044C}.Debug|x86.Build.0 = Debug|Win32
		{DD6614B4-19C1-4673-9445-F0305A3E044C}.Release|x64.ActiveCfg = Release|x64
		{DD6614B4-19C1-4673-9445-F0305A3E044C}.Release|x64.Build.0 = Release|x64
		{DD6614B4-19C1-4673-9445-F0305A3E044C}.Release|x86.ActiveCfg = Release|Win32
		{DD6614B4-19C1-4673-9445-F0305A3E044C}.Release|x86.Build.0 = Release|Win32
		{62EE5DF8-394E-480A-855F-B41F46953A16}.Debug|x64.ActiveCfg = Debug|x64
		{62EE5DF8-394E-480A-855F-B41F46953A16}.Debug|x64.Build.0 = Debug|x64
		{62EE5DF8-394E-480A-855F-B41F46953A16}.Debug|x86.ActiveCfg = Debug|Win32
		{62EE5DF8-394E-480A-855F-B41F46953A16}.Debug|x86.Build.0 = Debug|Win32
		{62EE5DF8-394E-480A-855F-B41F46953A16}.Release|x64.ActiveCfg = Release|x64
		{62EE5DF8-394E-480A-855F-B41F46953A16}.Release|x64.Build.0 = Release|x64
		{62EE5DF8-394E-480A-855F-B41F46953A16}.Release|x86.ActiveCfg = Release|Win32
		{62EE5DF8-394E-480A-855F-B41F46953A16}.Release|x86.Build.0 = Release|Win32
		{CAEF7820-A7A9-4733-B1B2-C39189190480}.Debug|x64.ActiveCfg = Debug|x64
		{CAEF7820-A7A9-4733-B1B2-C39189190480}.Debug|x64.Build.0 = Debug|x64
		{CAEF7820-A7A9-4733-B1B2-C39189190480}.Debug|x86.ActiveCfg = Debug|Win32
		{CAEF7820-A7A9-4733-B1B2-C39189190480}.Debug|x86.Build.0 = Debug|Win32
		{CAEF7820-A7A9-4733-B1B2-C39189190480}.Release|x64.ActiveCfg = Release|x64
		{CAEF7820-A7A9-4733-B1B2-C39189190480}.Release|x64.Build.0 = Release|x64
		{CAEF7820-A7A9-4733-B1B2-C39189190480}.Release|x86.ActiveCfg = Release|Win32
		{CAEF7820-A7A9-4733-B1B2-C39189190480}.Release|x86.Build.0 = Release|Win32
		{F19D0681-A873-4297-BB00-E750294995E9}.Debug|x64.ActiveCfg = Debug|x64
		{F19D0681-A873-4297-BB00-E750294995E9}.Debug|x64.Build.0 = Debug|x64
		{F19D0681-A873-4297-BB00-E750294995E9}.Debug|x86.ActiveCfg = Debug|Win32
		{F19D0681-A873-4297-BB00-E750294995E9}.Debug|x86.Build.0 = Debug|Win32
		{F19D0681-A873-4297-BB00-E750294995E9}.Release|x64.ActiveCfg = Release|x64
		{F19D0681-A873-4297-BB00-E750294995E9}.Release|x64.Build.0 = Release|x64
		{F19D0681-A873-4297-BB00-E750294995E9}.Release|x86.ActiveCfg = Release|Win32
		{F19D0681-A873-4297-BB00-E750294995E9}.Release|x86.Build.0 = Release|Win32
		{27A8092D-9702-4AB5-9E74-0A204595AAD5}.Debug|x64.ActiveCfg = Debug|x64
		{27A8092D-9702-4AB5-9E74-0A204595AAD5}.Debug|x64.Build.0 = Debug|x64
		{27A8092D-9702-4AB5-9E74-0A204595AAD5}.Debug|x86.ActiveCfg = Debug|Win32
		{27A8092D-9702-4AB5-9E74-0A204595AAD5}.Debug|x86.Build.0 = Debug|Win32
		{27A8092D-9702-4AB5-9E74-0A204595AAD5}.Release|x64.ActiveCfg = Release|x64
		{27A8092D-9702-4AB5-9E74-0A204595AAD5}.Release|x64.Build.0 = Release|x64
		{27A8092D-9702-4AB5-9E74-0A204595AAD5}.Release|x86.ActiveCfg = Release|Win32
		{27A8092D-9702-4AB5-9E74-0A204595AAD5}.Release|x86.Build.0 = Release|Win32
	EndGlobalSection
	GlobalSection(SolutionProperties) = preSolution
		HideSolutionNode = FALSE
	EndGlobalSection
	GlobalSection(ExtensibilityGlobals) = postSolution
		SolutionGuid = {96872DC7-1E28-4806-ADCD-5652AB58920C}
	EndGlobalSection
EndGlobal
